
Microsoft Visual Studio Solution File, Format Version 12.00
# Visual Studio 14
VisualStudioVersion = 14.0.25420.1
MinimumVisualStudioVersion = 10.0.40219.1
Project("{8BC9CEB8-8B4A-11D0-8D11-00A0C91BC942}") = "OpenSoundMixer", "msvc\OpenSoundMixer.vcxproj", "{2130122C-7920-4984-8431-897B2C96B839}"
EndProject
Project("{8BC9CEB8-8B4A-11D0-8D11-00A0C91BC942}") = "Test", "msvc\Test.vcxproj", "{F3A8E21E-5ED0-40D2-B3EF-C5F8A9AB2407}"
	ProjectSection(ProjectDependencies) = postProject
		{2130122C-7920-4984-8431-897B2C96B839} = {2130122C-7920-4984-8431-897B2C96B839}
	EndProjectSection
EndProject
Global
	GlobalSection(SolutionConfigurationPlatforms) = preSolution
		Debug WasApi|Win32 = Debug WasApi|Win32
		Debug WasApi|x64 = Debug WasApi|x64
		Debug|Win32 = Debug|Win32
		Debug|x64 = Debug|x64
		Release WasApi|Win32 = Release WasApi|Win32
		Release WasApi|x64 = Release WasApi|x64
		Release|Win32 = Release|Win32
		Release|x64 = Release|x64
	EndGlobalSection
	GlobalSection(ProjectConfigurationPlatforms) = postSolution
		{2130122C-7920-4984-8431-897B2C96B839}.Debug WasApi|Win32.ActiveCfg = Debug WasApi|Win32
		{2130122C-7920-4984-8431-897B2C96B839}.Debug WasApi|Win32.Build.0 = Debug WasApi|Win32
		{2130122C-7920-4984-8431-897B2C96B839}.Debug WasApi|x64.ActiveCfg = Debug WasApi|x64
		{2130122C-7920-4984-8431-897B2C96B839}.Debug WasApi|x64.Build.0 = Debug WasApi|x64
		{2130122C-7920-4984-8431-897B2C96B839}.Debug|Win32.ActiveCfg = Debug|Win32
		{2130122C-7920-4984-8431-897B2C96B839}.Debug|Win32.Build.0 = Debug|Win32
		{2130122C-7920-4984-8431-897B2C96B839}.Debug|x64.ActiveCfg = Debug|x64
		{2130122C-7920-4984-8431-897B2C96B839}.Debug|x64.Build.0 = Debug|x64
		{2130122C-7920-4984-8431-897B2C96B839}.Release WasApi|Win32.ActiveCfg = Release WasApi|Win32
		{2130122C-7920-4984-8431-897B2C96B839}.Release WasApi|Win32.Build.0 = Release WasApi|Win32
		{2130122C-7920-4984-8431-897B2C96B839}.Release WasApi|x64.ActiveCfg = Release WasApi|x64
		{2130122C-7920-4984-8431-897B2C96B839}.Release WasApi|x64.Build.0 = Release WasApi|x64
		{2130122C-7920-4984-8431-897B2C96B839}.Release|Win32.ActiveCfg = Release|Win32
		{2130122C-7920-4984-8431-897B2C96B839}.Release|Win32.Build.0 = Release|Win32
		{2130122C-7920-4984-8431-897B2C96B839}.Release|x64.ActiveCfg = Release|x64
		{2130122C-7920-4984-8431-897B2C96B839}.Release|x64.Build.0 = Release|x64
		{F3A8E21E-5ED0-40D2-B3EF-C5F8A9AB2407}.Debug WasApi|Win32.ActiveCfg = Debug|Win32
		{F3A8E21E-5ED0-40D2-B3EF-C5F8A9AB2407}.Debug WasApi|Win32.Build.0 = Debug|Win32
		{F3A8E21E-5ED0-40D2-B3EF-C5F8A9AB2407}.Debug WasApi|x64.ActiveCfg = Debug|x64
		{F3A8E21E-5ED0-40D2-B3EF-C5F8A9AB2407}.Debug WasApi|x64.Build.0 = Debug|x64
		{F3A8E21E-5ED0-40D2-B3EF-C5F8A9AB2407}.Debug|Win32.ActiveCfg = Debug|Win32
		{F3A8E21E-5ED0-40D2-B3EF-C5F8A9AB2407}.Debug|Win32.Build.0 = Debug|Win32
		{F3A8E21E-5ED0-40D2-B3EF-C5F8A9AB2407}.Debug|x64.ActiveCfg = Debug|x64
		{F3A8E21E-5ED0-40D2-B3EF-C5F8A9AB2407}.Debug|x64.Build.0 = Debug|x64
		{F3A8E21E-5ED0-40D2-B3EF-C5F8A9AB2407}.Release WasApi|Win32.ActiveCfg = Release|Win32
		{F3A8E21E-5ED0-40D2-B3EF-C5F8A9AB2407}.Release WasApi|Win32.Build.0 = Release|Win32
		{F3A8E21E-5ED0-40D2-B3EF-C5F8A9AB2407}.Release WasApi|x64.ActiveCfg = Release|x64
		{F3A8E21E-5ED0-40D2-B3EF-C5F8A9AB2407}.Release WasApi|x64.Build.0 = Release|x64
		{F3A8E21E-5ED0-40D2-B3EF-C5F8A9AB2407}.Release|Win32.ActiveCfg = Release|Win32
		{F3A8E21E-5ED0-40D2-B3EF-C5F8A9AB2407}.Release|Win32.Build.0 = Release|Win32
		{F3A8E21E-5ED0-40D2-B3EF-C5F8A9AB2407}.Release|x64.ActiveCfg = Release|x64
		{F3A8E21E-5ED0-40D2-B3EF-C5F8A9AB2407}.Release|x64.Build.0 = Release|x64
	EndGlobalSection
	GlobalSection(SolutionProperties) = preSolution
		HideSolutionNode = FALSE
	EndGlobalSection
EndGlobal
